
Microsoft Visual Studio Solution File, Format Version 12.00
# Visual Studio Version 17
VisualStudioVersion = 17.3.32819.101
MinimumVisualStudioVersion = 10.0.40219.1
Project("{FAE04EC0-301F-11D3-BF4B-00C04F79EFBC}") = "Repaso_Conceptos", "Repaso_Conceptos\Repaso_Conceptos.csproj", "{84ACB083-4867-4EC9-82CE-00660344BF6F}"
EndProject
Global
	GlobalSection(SolutionConfigurationPlatforms) = preSolution
		Debug|Any CPU = Debug|Any CPU
		Release|Any CPU = Release|Any CPU
	EndGlobalSection
	GlobalSection(ProjectConfigurationPlatforms) = postSolution
		{84ACB083-4867-4EC9-82CE-00660344BF6F}.Debug|Any CPU.ActiveCfg = Debug|Any CPU
		{84ACB083-4867-4EC9-82CE-00660344BF6F}.Debug|Any CPU.Build.0 = Debug|Any CPU
		{84ACB083-4867-4EC9-82CE-00660344BF6F}.Release|Any CPU.ActiveCfg = Release|Any CPU
		{84ACB083-4867-4EC9-82CE-00660344BF6F}.Release|Any CPU.Build.0 = Release|Any CPU
	EndGlobalSection
	GlobalSection(SolutionProperties) = preSolution
		HideSolutionNode = FALSE
	EndGlobalSection
	GlobalSection(ExtensibilityGlobals) = postSolution
		SolutionGuid = {D85F6003-A124-41B1-8ED4-3F0DF5EE64EE}
	EndGlobalSection
EndGlobal
